Microsoft Visual Studio Solution File, Format Version 12.00
# Visual Studio Version 17
VisualStudioVersion = 17.5.2.0
MinimumVisualStudioVersion = 10.0.40219.1
Project("{FAE04EC0-301F-11D3-BF4B-00C04F79EFBC}") = "CSE325-team", "CSE325-team.csproj", "{F346674A-43FF-2634-4A65-0A8CD0320CED}"
EndProject
Global
	GlobalSection(SolutionConfigurationPlatforms) = preSolution
		Debug|Any CPU = Debug|Any CPU
		Release|Any CPU = Release|Any CPU
	EndGlobalSection
	GlobalSection(ProjectConfigurationPlatforms) = postSolution
		{F346674A-43FF-2634-4A65-0A8CD0320CED}.Debug|Any CPU.ActiveCfg = Debug|Any CPU
		{F346674A-43FF-2634-4A65-0A8CD0320CED}.Debug|Any CPU.Build.0 = Debug|Any CPU
		{F346674A-43FF-2634-4A65-0A8CD0320CED}.Release|Any CPU.ActiveCfg = Release|Any CPU
		{F346674A-43FF-2634-4A65-0A8CD0320CED}.Release|Any CPU.Build.0 = Release|Any CPU
	EndGlobalSection
	GlobalSection(SolutionProperties) = preSolution
		HideSolutionNode = FALSE
	EndGlobalSection
	GlobalSection(ExtensibilityGlobals) = postSolution
		SolutionGuid = {CF566587-B216-4248-909F-81631C63B786}
	EndGlobalSection
EndGlobal
